
Microsoft Visual Studio Solution File, Format Version 12.00
# Visual Studio Version 17
VisualStudioVersion = 17.8.34408.163
MinimumVisualStudioVersion = 10.0.40219.1
Project("{FAE04EC0-301F-11D3-BF4B-00C04F79EFBC}") = "practi-code2", "practi-code2\practi-code2.csproj", "{9D3D37AC-D621-499F-BE2F-C17BEC476215}"
EndProject
Global
	GlobalSection(SolutionConfigurationPlatforms) = preSolution
		Debug|Any CPU = Debug|Any CPU
		Release|Any CPU = Release|Any CPU
	EndGlobalSection
	GlobalSection(ProjectConfigurationPlatforms) = postSolution
		{9D3D37AC-D621-499F-BE2F-C17BEC476215}.Debug|Any CPU.ActiveCfg = Debug|Any CPU
		{9D3D37AC-D621-499F-BE2F-C17BEC476215}.Debug|Any CPU.Build.0 = Debug|Any CPU
		{9D3D37AC-D621-499F-BE2F-C17BEC476215}.Release|Any CPU.ActiveCfg = Release|Any CPU
		{9D3D37AC-D621-499F-BE2F-C17BEC476215}.Release|Any CPU.Build.0 = Release|Any CPU
	EndGlobalSection
	GlobalSection(SolutionProperties) = preSolution
		HideSolutionNode = FALSE
	EndGlobalSection
	GlobalSection(ExtensibilityGlobals) = postSolution
		SolutionGuid = {8199011F-C8B1-448A-90BE-EA12FC73BDF6}
	EndGlobalSection
EndGlobal
